{
  "name": "ibge-cidades-com-poligonos",
  "version": "1.0.0",
  "lockfileVersion": 1,
  "requires": true,
  "dependencies": {
    "@turf/bbox": {
      "version": "6.5.0",
      "resolved": "https://registry.npmjs.org/@turf/bbox/-/bbox-6.5.0.tgz",
      "integrity": "sha512-RBbLaao5hXTYyyg577iuMtDB8ehxMlUqHEJiMs8jT1GHkFhr6sYre3lmLsPeYEi/ZKj5TP5tt7fkzNdJ4GIVyw==",
      "requires": {
        "@turf/helpers": "^6.5.0",
        "@turf/meta": "^6.5.0"
      }
    },
    "@turf/clone": {
      "version": "6.5.0",
      "resolved": "https://registry.npmjs.org/@turf/clone/-/clone-6.5.0.tgz",
      "integrity": "sha512-mzVtTFj/QycXOn6ig+annKrM6ZlimreKYz6f/GSERytOpgzodbQyOgkfwru100O1KQhhjSudKK4DsQ0oyi9cTw==",
      "requires": {
        "@turf/helpers": "^6.5.0"
      }
    },
    "@turf/helpers": {
      "version": "6.5.0",
      "resolved": "https://registry.npmjs.org/@turf/helpers/-/helpers-6.5.0.tgz",
      "integrity": "sha512-VbI1dV5bLFzohYYdgqwikdMVpe7pJ9X3E+dlr425wa2/sMJqYDhTO++ec38/pcPvPE6oD9WEEeU3Xu3gza+VPw=="
    },
    "@turf/invariant": {
      "version": "6.5.0",
      "resolved": "https://registry.npmjs.org/@turf/invariant/-/invariant-6.5.0.tgz",
      "integrity": "sha512-Wv8PRNCtPD31UVbdJE/KVAWKe7l6US+lJItRR/HOEW3eh+U/JwRCSUl/KZ7bmjM/C+zLNoreM2TU6OoLACs4eg==",
      "requires": {
        "@turf/helpers": "^6.5.0"
      }
    },
    "@turf/line-to-polygon": {
      "version": "6.5.0",
      "resolved": "https://registry.npmjs.org/@turf/line-to-polygon/-/line-to-polygon-6.5.0.tgz",
      "integrity": "sha512-qYBuRCJJL8Gx27OwCD1TMijM/9XjRgXH/m/TyuND4OXedBpIWlK5VbTIO2gJ8OCfznBBddpjiObLBrkuxTpN4Q==",
      "requires": {
        "@turf/bbox": "^6.5.0",
        "@turf/clone": "^6.5.0",
        "@turf/helpers": "^6.5.0",
        "@turf/invariant": "^6.5.0"
      }
    },
    "@turf/meta": {
      "version": "6.5.0",
      "resolved": "https://registry.npmjs.org/@turf/meta/-/meta-6.5.0.tgz",
      "integrity": "sha512-RrArvtsV0vdsCBegoBtOalgdSOfkBrTJ07VkpiCnq/491W67hnMWmDu7e6Ztw0C3WldRYTXkg3SumfdzZxLBHA==",
      "requires": {
        "@turf/helpers": "^6.5.0"
      }
    }
  }
}
